
Microsoft Visual Studio Solution File, Format Version 12.00
# Visual Studio 15
VisualStudioVersion = 15.0.36001.139
MinimumVisualStudioVersion = 10.0.40219.1
Project("{8BC9CEB8-8B4A-11D0-8D11-00A0C91BC942}") = "semestr-work", "semestr-work.vcxproj", "{28EF2284-7256-4843-A28F-709B11695A0E}"
EndProject
Global
	GlobalSection(SolutionConfigurationPlatforms) = preSolution
		Debug|x64 = Debug|x64
		Debug|x86 = Debug|x86
		Release|x64 = Release|x64
		Release|x86 = Release|x86
	EndGlobalSection
	GlobalSection(ProjectConfigurationPlatforms) = postSolution
		{28EF2284-7256-4843-A28F-709B11695A0E}.Debug|x64.ActiveCfg = Debug|x64
		{28EF2284-7256-4843-A28F-709B11695A0E}.Debug|x64.Build.0 = Debug|x64
		{28EF2284-7256-4843-A28F-709B11695A0E}.Debug|x86.ActiveCfg = Debug|Win32
		{28EF2284-7256-4843-A28F-709B11695A0E}.Debug|x86.Build.0 = Debug|Win32
		{28EF2284-7256-4843-A28F-709B11695A0E}.Release|x64.ActiveCfg = Release|x64
		{28EF2284-7256-4843-A28F-709B11695A0E}.Release|x64.Build.0 = Release|x64
		{28EF2284-7256-4843-A28F-709B11695A0E}.Release|x86.ActiveCfg = Release|Win32
		{28EF2284-7256-4843-A28F-709B11695A0E}.Release|x86.Build.0 = Release|Win32
	EndGlobalSection
	GlobalSection(SolutionProperties) = preSolution
		HideSolutionNode = FALSE
	EndGlobalSection
	GlobalSection(ExtensibilityGlobals) = postSolution
		SolutionGuid = {9AD63FD6-9553-4386-AC7A-1FBDE27E8EF7}
	EndGlobalSection
EndGlobal
